// !$*UTF8*$!
{
	archiveVersion = 1;
	classes = {
	};
	objectVersion = 52;
	objects = {

/* Begin PBXBuildFile section */
		0112A29BCE22F8B4B4815752 /* RxCocoa.xcframework in Frameworks */ = {isa = PBXBuildFile; fileRef = 7EBBA13B05B9699529F5A20D /* RxCocoa.xcframework */; };
		0325F235B386CE8551D6D6A3 /* RxRealmListTests.swift in Sources */ = {isa = PBXBuildFile; fileRef = 91CF303357AEEDF796561E80 /* RxRealmListTests.swift */; };
		065ACDE8D3926A85C32D1F90 /* RealmObserver.swift in Sources */ = {isa = PBXBuildFile; fileRef = 48CAC0A41A45D2027D2A7298 /* RealmObserver.swift */; };
		0842C5C1F59976F3AB1B2F92 /* RxRealmLinkingObjectsTests.swift in Sources */ = {isa = PBXBuildFile; fileRef = 3B08061180FE997CC1AE59A2 /* RxRealmLinkingObjectsTests.swift */; };
		08D1827299DFA8D7B54CE9FB /* RxRealm tvOS.framework in Frameworks */ = {isa = PBXBuildFile; fileRef = 59F1E84CC1311FAB693691CC /* RxRealm tvOS.framework */; };
		08D727FD7720CDE69CC3912F /* RxRealm.swift in Sources */ = {isa = PBXBuildFile; fileRef = 4B6FDEA93324313D0EDEDA52 /* RxRealm.swift */; };
		09ED2C59F2BCD0DDF81A602C /* RxCocoa.xcframework in Frameworks */ = {isa = PBXBuildFile; fileRef = 7EBBA13B05B9699529F5A20D /* RxCocoa.xcframework */; };
		0BAC0D49D71C406620E1658E /* RxBlocking.xcframework in Embed Frameworks */ = {isa = PBXBuildFile; fileRef = 8E5AA0049437EF4DF74DC9D7 /* RxBlocking.xcframework */; settings = {ATTRIBUTES = (CodeSignOnCopy, RemoveHeadersOnCopy, ); }; };
		1091E669A8081D45B28BD8EA /* Realm.xcframework in Frameworks */ = {isa = PBXBuildFile; fileRef = BE241848EE8EBF4155EB0B7A /* Realm.xcframework */; };
		10E91EE9542F9D7FA6D1362B /* RealmSwift.xcframework in Embed Frameworks */ = {isa = PBXBuildFile; fileRef = 7B5183B5E529CA777C1FF46F /* RealmSwift.xcframework */; settings = {ATTRIBUTES = (CodeSignOnCopy, RemoveHeadersOnCopy, ); }; };
		112576F55EC44E62DF4418E5 /* TestModels.swift in Sources */ = {isa = PBXBuildFile; fileRef = B8CAD73B2AC3082042C5893C /* TestModels.swift */; };
		198A016A38AEFDB547BB1CA1 /* RxRealmWriteSinks.swift in Sources */ = {isa = PBXBuildFile; fileRef = 3469BA8F081888D6C6C8A7A4 /* RxRealmWriteSinks.swift */; };
		1DA55B18E6F910673794F085 /* Realm.xcframework in Frameworks */ = {isa = PBXBuildFile; fileRef = BE241848EE8EBF4155EB0B7A /* Realm.xcframework */; };
		20ED72028C307A1B08C894B0 /* RxRealmObjectTests.swift in Sources */ = {isa = PBXBuildFile; fileRef = 105F0474E240FC18ED7BFA43 /* RxRealmObjectTests.swift */; };
		21BC2100497DC30C8B049E0D /* RxBlocking.xcframework in Frameworks */ = {isa = PBXBuildFile; fileRef = 8E5AA0049437EF4DF74DC9D7 /* RxBlocking.xcframework */; };
		21C45E0C3AFE324BC97D3694 /* Realm.xcframework in Frameworks */ = {isa = PBXBuildFile; fileRef = BE241848EE8EBF4155EB0B7A /* Realm.xcframework */; };
		2236607B4F50037BF6A20082 /* RxSwift.xcframework in Frameworks */ = {isa = PBXBuildFile; fileRef = A5F4C305A026E0F81C30B7CA /* RxSwift.xcframework */; };
		22C55272B7F6AC7745F6775B /* XCTestManifests.swift in Sources */ = {isa = PBXBuildFile; fileRef = A8C40BC367CFEDAE224E5BDB /* XCTestManifests.swift */; };
		2353BB4BA7048426D8AE8EAD /* Realm.xcframework in Frameworks */ = {isa = PBXBuildFile; fileRef = BE241848EE8EBF4155EB0B7A /* Realm.xcframework */; };
		260BD30139F7DCDC54C86749 /* RxCocoa.xcframework in Frameworks */ = {isa = PBXBuildFile; fileRef = 7EBBA13B05B9699529F5A20D /* RxCocoa.xcframework */; };
		26E9C5051CA8653F81D367FA /* RxSwift.xcframework in Embed Frameworks */ = {isa = PBXBuildFile; fileRef = A5F4C305A026E0F81C30B7CA /* RxSwift.xcframework */; settings = {ATTRIBUTES = (CodeSignOnCopy, RemoveHeadersOnCopy, ); }; };
		29614AD124ECDDA92F0DC04D /* RealmSwift.xcframework in Frameworks */ = {isa = PBXBuildFile; fileRef = 7B5183B5E529CA777C1FF46F /* RealmSwift.xcframework */; };
		2B72682F48447CEEC34D2BB6 /* RealmSwift.xcframework in Frameworks */ = {isa = PBXBuildFile; fileRef = 7B5183B5E529CA777C1FF46F /* RealmSwift.xcframework */; };
		2CB7185C55C3ABA00805E9D8 /* RxTest.xcframework in Frameworks */ = {isa = PBXBuildFile; fileRef = 0CC8C1C0480514FD36CB4857 /* RxTest.xcframework */; };
		2D3EC3B1D03F0F7BD1F47A9C /* RxRelay.xcframework in Frameworks */ = {isa = PBXBuildFile; fileRef = 9477EDA556D704A21C63D103 /* RxRelay.xcframework */; };
		30F99B7AB1CD5FFF6ADF3210 /* RxRealmResultsTests.swift in Sources */ = {isa = PBXBuildFile; fileRef = 074CDA1C713713A27B9CE010 /* RxRealmResultsTests.swift */; };
		349EB1ACEF21C169ADE8565B /* RxSwift.xcframework in Frameworks */ = {isa = PBXBuildFile; fileRef = A5F4C305A026E0F81C30B7CA /* RxSwift.xcframework */; };
		3551712440607235A2EAE40C /* RxRelay.xcframework in Frameworks */ = {isa = PBXBuildFile; fileRef = 9477EDA556D704A21C63D103 /* RxRelay.xcframework */; };
		3588D49A7115E902FC82A26F /* RxSwift.xcframework in Embed Frameworks */ = {isa = PBXBuildFile; fileRef = A5F4C305A026E0F81C30B7CA /* RxSwift.xcframework */; settings = {ATTRIBUTES = (CodeSignOnCopy, RemoveHeadersOnCopy, ); }; };
		3615D3D12786B84CA69FBA5F /* RxSwift.xcframework in Frameworks */ = {isa = PBXBuildFile; fileRef = A5F4C305A026E0F81C30B7CA /* RxSwift.xcframework */; };
		393F1D5E93232779D3C696B6 /* RxRealm.swift in Sources */ = {isa = PBXBuildFile; fileRef = 4B6FDEA93324313D0EDEDA52 /* RxRealm.swift */; };
		3AD2E65FBDB236DB3274D5B2 /* RxCocoa.xcframework in Embed Frameworks */ = {isa = PBXBuildFile; fileRef = 7EBBA13B05B9699529F5A20D /* RxCocoa.xcframework */; settings = {ATTRIBUTES = (CodeSignOnCopy, RemoveHeadersOnCopy, ); }; };
		3E86B41E584634D2218B3809 /* TestModels.swift in Sources */ = {isa = PBXBuildFile; fileRef = B8CAD73B2AC3082042C5893C /* TestModels.swift */; };
		420403DAC565014D9575C6CE /* RxRealmRealmTests.swift in Sources */ = {isa = PBXBuildFile; fileRef = 5352F3EA9B5B1B2F2AB2CD16 /* RxRealmRealmTests.swift */; };
		4480C7A68FFAA78DBAD2FA66 /* RxTest.xcframework in Frameworks */ = {isa = PBXBuildFile; fileRef = 0CC8C1C0480514FD36CB4857 /* RxTest.xcframework */; };
		4876DF0452E3ECEFE7A8FC5E /* Realm.xcframework in Embed Frameworks */ = {isa = PBXBuildFile; fileRef = BE241848EE8EBF4155EB0B7A /* Realm.xcframework */; settings = {ATTRIBUTES = (CodeSignOnCopy, RemoveHeadersOnCopy, ); }; };
		4DF5EF43633EF3098C233998 /* RxCocoa.xcframework in Frameworks */ = {isa = PBXBuildFile; fileRef = 7EBBA13B05B9699529F5A20D /* RxCocoa.xcframework */; };
		4E0C2F9577B548F45CB5AE09 /* TestModels.swift in Sources */ = {isa = PBXBuildFile; fileRef = B8CAD73B2AC3082042C5893C /* TestModels.swift */; };
		50DC5CCD235DDFA13896D885 /* RxRelay.xcframework in Embed Frameworks */ = {isa = PBXBuildFile; fileRef = 9477EDA556D704A21C63D103 /* RxRelay.xcframework */; settings = {ATTRIBUTES = (CodeSignOnCopy, RemoveHeadersOnCopy, ); }; };
		55C641B5EBC554875D4BE637 /* RxRealmObjectTests.swift in Sources */ = {isa = PBXBuildFile; fileRef = 105F0474E240FC18ED7BFA43 /* RxRealmObjectTests.swift */; };
		5B1718CBBC48B48E8B44914A /* RealmObserver.swift in Sources */ = {isa = PBXBuildFile; fileRef = 48CAC0A41A45D2027D2A7298 /* RealmObserver.swift */; };
		5E298B3582EC51A512F5BFEA /* RxRealmTests.swift in Sources */ = {isa = PBXBuildFile; fileRef = 3D05CDFF17D29BF51D2EAE1F /* RxRealmTests.swift */; };
		5F4918C797C33DB7AA3BF8CB /* RxRelay.xcframework in Embed Frameworks */ = {isa = PBXBuildFile; fileRef = 9477EDA556D704A21C63D103 /* RxRelay.xcframework */; settings = {ATTRIBUTES = (CodeSignOnCopy, RemoveHeadersOnCopy, ); }; };
		628F256BEA60980F7F7196E5 /* RxCocoa.xcframework in Frameworks */ = {isa = PBXBuildFile; fileRef = 7EBBA13B05B9699529F5A20D /* RxCocoa.xcframework */; };
		673ED56654529EE66E1FB277 /* RxRelay.xcframework in Frameworks */ = {isa = PBXBuildFile; fileRef = 9477EDA556D704A21C63D103 /* RxRelay.xcframework */; };
		6E8FE88210CCDB32D3370BDF /* RxCocoa.xcframework in Frameworks */ = {isa = PBXBuildFile; fileRef = 7EBBA13B05B9699529F5A20D /* RxCocoa.xcframework */; };
		706A1AE69DD21ED67AEFA694 /* RxSwift.xcframework in Frameworks */ = {isa = PBXBuildFile; fileRef = A5F4C305A026E0F81C30B7CA /* RxSwift.xcframework */; };
		73798DDBB043BC0CC76E84E4 /* RxBlocking.xcframework in Embed Frameworks */ = {isa = PBXBuildFile; fileRef = 8E5AA0049437EF4DF74DC9D7 /* RxBlocking.xcframework */; settings = {ATTRIBUTES = (CodeSignOnCopy, RemoveHeadersOnCopy, ); }; };
		7CA5C19AA9B07E1109EE987E /* RxRelay.xcframework in Frameworks */ = {isa = PBXBuildFile; fileRef = 9477EDA556D704A21C63D103 /* RxRelay.xcframework */; };
		81270FC8FCE1E10BED0179B9 /* RxRealmObjectTests.swift in Sources */ = {isa = PBXBuildFile; fileRef = 105F0474E240FC18ED7BFA43 /* RxRealmObjectTests.swift */; };
		81556B95465F54DCA43897C4 /* RxSwift.xcframework in Embed Frameworks */ = {isa = PBXBuildFile; fileRef = A5F4C305A026E0F81C30B7CA /* RxSwift.xcframework */; settings = {ATTRIBUTES = (CodeSignOnCopy, RemoveHeadersOnCopy, ); }; };
		81CC1BD84A6581687F2C5346 /* RxRealmOnQueueTests.swift in Sources */ = {isa = PBXBuildFile; fileRef = C8C6D39A28B108660E1C9E2E /* RxRealmOnQueueTests.swift */; };
		86C1B2D61C9AD95BAB9ED32C /* RxCocoa.xcframework in Embed Frameworks */ = {isa = PBXBuildFile; fileRef = 7EBBA13B05B9699529F5A20D /* RxCocoa.xcframework */; settings = {ATTRIBUTES = (CodeSignOnCopy, RemoveHeadersOnCopy, ); }; };
		89274C13AD0DD9161F289BE6 /* RxRealmRealmTests.swift in Sources */ = {isa = PBXBuildFile; fileRef = 5352F3EA9B5B1B2F2AB2CD16 /* RxRealmRealmTests.swift */; };
		8B8CD52976FB6D52F7495C09 /* RxRealm macOS.framework in Embed Frameworks */ = {isa = PBXBuildFile; fileRef = BA9AA258335B7EBC842E5168 /* RxRealm macOS.framework */; settings = {ATTRIBUTES = (CodeSignOnCopy, RemoveHeadersOnCopy, ); }; };
		8CB53DF785BF857028FC5309 /* RxRelay.xcframework in Embed Frameworks */ = {isa = PBXBuildFile; fileRef = 9477EDA556D704A21C63D103 /* RxRelay.xcframework */; settings = {ATTRIBUTES = (CodeSignOnCopy, RemoveHeadersOnCopy, ); }; };
		93DB61481A844D6BFF6F88E7 /* RxRealmListTests.swift in Sources */ = {isa = PBXBuildFile; fileRef = 91CF303357AEEDF796561E80 /* RxRealmListTests.swift */; };
		949FBB6752F1578597D03D04 /* RxBlocking.xcframework in Frameworks */ = {isa = PBXBuildFile; fileRef = 8E5AA0049437EF4DF74DC9D7 /* RxBlocking.xcframework */; };
		95CB4854020C32D5262C58B1 /* RxRealmTests.swift in Sources */ = {isa = PBXBuildFile; fileRef = 3D05CDFF17D29BF51D2EAE1F /* RxRealmTests.swift */; };
		9609078C1AAE88AB13A7708F /* RxRealm.swift in Sources */ = {isa = PBXBuildFile; fileRef = 4B6FDEA93324313D0EDEDA52 /* RxRealm.swift */; };
		97E1C13EAAECA439164C15E8 /* RealmSwift.xcframework in Frameworks */ = {isa = PBXBuildFile; fileRef = 7B5183B5E529CA777C1FF46F /* RealmSwift.xcframework */; };
		99A2463E72EBB9C772AC8A17 /* RxCocoa.xcframework in Frameworks */ = {isa = PBXBuildFile; fileRef = 7EBBA13B05B9699529F5A20D /* RxCocoa.xcframework */; };
		9C25F1BE623E0B29111E5205 /* RealmSwift.xcframework in Frameworks */ = {isa = PBXBuildFile; fileRef = 7B5183B5E529CA777C1FF46F /* RealmSwift.xcframework */; };
		9CD05097BD5587EFA3FB51D6 /* RxRealmLinkingObjectsTests.swift in Sources */ = {isa = PBXBuildFile; fileRef = 3B08061180FE997CC1AE59A2 /* RxRealmLinkingObjectsTests.swift */; };
		9CDECA4CC5735046801A10E8 /* RxCocoa.xcframework in Embed Frameworks */ = {isa = PBXBuildFile; fileRef = 7EBBA13B05B9699529F5A20D /* RxCocoa.xcframework */; settings = {ATTRIBUTES = (CodeSignOnCopy, RemoveHeadersOnCopy, ); }; };
		9D7395E2E508BB1F4D852F7E /* RxRealmLinkingObjectsTests.swift in Sources */ = {isa = PBXBuildFile; fileRef = 3B08061180FE997CC1AE59A2 /* RxRealmLinkingObjectsTests.swift */; };
		9F04A0E3C807C8AAED159ABA /* RxRealmOnQueueTests.swift in Sources */ = {isa = PBXBuildFile; fileRef = C8C6D39A28B108660E1C9E2E /* RxRealmOnQueueTests.swift */; };
		A0696565B27AE9688C41308C /* RxRealmWriteSinks.swift in Sources */ = {isa = PBXBuildFile; fileRef = 3469BA8F081888D6C6C8A7A4 /* RxRealmWriteSinks.swift */; };
		A0B7EF84274BE25F4E1A9E8E /* Realm.xcframework in Frameworks */ = {isa = PBXBuildFile; fileRef = BE241848EE8EBF4155EB0B7A /* Realm.xcframework */; };
		A0DD684D7358E00DC3529BFE /* RxSwift.xcframework in Frameworks */ = {isa = PBXBuildFile; fileRef = A5F4C305A026E0F81C30B7CA /* RxSwift.xcframework */; };
		A247C5C127B4FA2D1BBED458 /* RxRelay.xcframework in Frameworks */ = {isa = PBXBuildFile; fileRef = 9477EDA556D704A21C63D103 /* RxRelay.xcframework */; };
		A2617260E43E1F17EC94C421 /* RxBlocking.xcframework in Frameworks */ = {isa = PBXBuildFile; fileRef = 8E5AA0049437EF4DF74DC9D7 /* RxBlocking.xcframework */; };
		A36C7B7C2B571103C611F39A /* RxTest.xcframework in Embed Frameworks */ = {isa = PBXBuildFile; fileRef = 0CC8C1C0480514FD36CB4857 /* RxTest.xcframework */; settings = {ATTRIBUTES = (CodeSignOnCopy, RemoveHeadersOnCopy, ); }; };
		A4FE2D3191011CC650EA0046 /* RxRealmRealmTests.swift in Sources */ = {isa = PBXBuildFile; fileRef = 5352F3EA9B5B1B2F2AB2CD16 /* RxRealmRealmTests.swift */; };
		A78AB60ED6B843BA61A709C6 /* RealmObserver.swift in Sources */ = {isa = PBXBuildFile; fileRef = 48CAC0A41A45D2027D2A7298 /* RealmObserver.swift */; };
		A8D4D28DAA8DEFBA1557186B /* RxRealmListTests.swift in Sources */ = {isa = PBXBuildFile; fileRef = 91CF303357AEEDF796561E80 /* RxRealmListTests.swift */; };
		A9D9AE355916DD319110638A /* RxRealmResultsTests.swift in Sources */ = {isa = PBXBuildFile; fileRef = 074CDA1C713713A27B9CE010 /* RxRealmResultsTests.swift */; };
		ABBA09320D4D306026B64936 /* Realm.xcframework in Frameworks */ = {isa = PBXBuildFile; fileRef = BE241848EE8EBF4155EB0B7A /* Realm.xcframework */; };
		ADACE27D199538B61119F410 /* RealmObserver.swift in Sources */ = {isa = PBXBuildFile; fileRef = 48CAC0A41A45D2027D2A7298 /* RealmObserver.swift */; };
		B6FAE948CDCACFAFBC12DCDC /* Realm.xcframework in Embed Frameworks */ = {isa = PBXBuildFile; fileRef = BE241848EE8EBF4155EB0B7A /* Realm.xcframework */; settings = {ATTRIBUTES = (CodeSignOnCopy, RemoveHeadersOnCopy, ); }; };
		BE3DA5D365705270F9B82689 /* RealmSwift.xcframework in Frameworks */ = {isa = PBXBuildFile; fileRef = 7B5183B5E529CA777C1FF46F /* RealmSwift.xcframework */; };
		C03085A5F076531098B97D61 /* RxRealm iOS.framework in Frameworks */ = {isa = PBXBuildFile; fileRef = 9ED1C8A1F1D1791A314475DB /* RxRealm iOS.framework */; };
		C69CABD837E81160FC58C030 /* RxTest.xcframework in Embed Frameworks */ = {isa = PBXBuildFile; fileRef = 0CC8C1C0480514FD36CB4857 /* RxTest.xcframework */; settings = {ATTRIBUTES = (CodeSignOnCopy, RemoveHeadersOnCopy, ); }; };
		CA4CC838B012C97F31A63466 /* RxRealmResultsTests.swift in Sources */ = {isa = PBXBuildFile; fileRef = 074CDA1C713713A27B9CE010 /* RxRealmResultsTests.swift */; };
		CC7D6094DDF76A5CD8E74E39 /* RxTest.xcframework in Embed Frameworks */ = {isa = PBXBuildFile; fileRef = 0CC8C1C0480514FD36CB4857 /* RxTest.xcframework */; settings = {ATTRIBUTES = (CodeSignOnCopy, RemoveHeadersOnCopy, ); }; };
		CDAA61579E7164E0456F3367 /* RxRealmTests.swift in Sources */ = {isa = PBXBuildFile; fileRef = 3D05CDFF17D29BF51D2EAE1F /* RxRealmTests.swift */; };
		CDC933536DB923DD0EE46F5D /* RxSwift.xcframework in Frameworks */ = {isa = PBXBuildFile; fileRef = A5F4C305A026E0F81C30B7CA /* RxSwift.xcframework */; };
		CE00E169B26754822BFF4274 /* XCTestManifests.swift in Sources */ = {isa = PBXBuildFile; fileRef = A8C40BC367CFEDAE224E5BDB /* XCTestManifests.swift */; };
		D23F8E303A1F2F43B133BBB6 /* RxRealm iOS.framework in Embed Frameworks */ = {isa = PBXBuildFile; fileRef = 9ED1C8A1F1D1791A314475DB /* RxRealm iOS.framework */; settings = {ATTRIBUTES = (CodeSignOnCopy, RemoveHeadersOnCopy, ); }; };
		D94C656AFCA0863816323863 /* RealmSwift.xcframework in Frameworks */ = {isa = PBXBuildFile; fileRef = 7B5183B5E529CA777C1FF46F /* RealmSwift.xcframework */; };
		DAD2C9BEFADF32B0BE828471 /* RxRealmOnQueueTests.swift in Sources */ = {isa = PBXBuildFile; fileRef = C8C6D39A28B108660E1C9E2E /* RxRealmOnQueueTests.swift */; };
		E1F95FB4707F3A58BC6CF16D /* Realm.xcframework in Frameworks */ = {isa = PBXBuildFile; fileRef = BE241848EE8EBF4155EB0B7A /* Realm.xcframework */; };
		E2869E11BBF880A090012F09 /* XCTestManifests.swift in Sources */ = {isa = PBXBuildFile; fileRef = A8C40BC367CFEDAE224E5BDB /* XCTestManifests.swift */; };
		E31BD30B46851DD2B3CFA46D /* Realm.xcframework in Embed Frameworks */ = {isa = PBXBuildFile; fileRef = BE241848EE8EBF4155EB0B7A /* Realm.xcframework */; settings = {ATTRIBUTES = (CodeSignOnCopy, RemoveHeadersOnCopy, ); }; };
		E3AA8ECA4EEA0B21CB8E990B /* RxTest.xcframework in Frameworks */ = {isa = PBXBuildFile; fileRef = 0CC8C1C0480514FD36CB4857 /* RxTest.xcframework */; };
		E61C44FCB309BDA102BEDA70 /* RxRelay.xcframework in Frameworks */ = {isa = PBXBuildFile; fileRef = 9477EDA556D704A21C63D103 /* RxRelay.xcframework */; };
		E9C01BB1287BA1A3C1D265D3 /* RxBlocking.xcframework in Embed Frameworks */ = {isa = PBXBuildFile; fileRef = 8E5AA0049437EF4DF74DC9D7 /* RxBlocking.xcframework */; settings = {ATTRIBUTES = (CodeSignOnCopy, RemoveHeadersOnCopy, ); }; };
		EAC3CD3A0B82C4231DA54F85 /* RxRealmWriteSinks.swift in Sources */ = {isa = PBXBuildFile; fileRef = 3469BA8F081888D6C6C8A7A4 /* RxRealmWriteSinks.swift */; };
		EB9828FC882EF78C3D74FAED /* RxRealm macOS.framework in Frameworks */ = {isa = PBXBuildFile; fileRef = BA9AA258335B7EBC842E5168 /* RxRealm macOS.framework */; };
		ED28A009CAB879323CF42B51 /* RxRealm tvOS.framework in Embed Frameworks */ = {isa = PBXBuildFile; fileRef = 59F1E84CC1311FAB693691CC /* RxRealm tvOS.framework */; settings = {ATTRIBUTES = (CodeSignOnCopy, RemoveHeadersOnCopy, ); }; };
		F07B389CF8E0B46F4060EEBB /* RealmSwift.xcframework in Frameworks */ = {isa = PBXBuildFile; fileRef = 7B5183B5E529CA777C1FF46F /* RealmSwift.xcframework */; };
		F80CBA7F55E64F8969506317 /* RxSwift.xcframework in Frameworks */ = {isa = PBXBuildFile; fileRef = A5F4C305A026E0F81C30B7CA /* RxSwift.xcframework */; };
		F8178B91A7053925FBEB6076 /* RealmSwift.xcframework in Embed Frameworks */ = {isa = PBXBuildFile; fileRef = 7B5183B5E529CA777C1FF46F /* RealmSwift.xcframework */; settings = {ATTRIBUTES = (CodeSignOnCopy, RemoveHeadersOnCopy, ); }; };
		F9AD79D486684DDF497734AA /* RxRelay.xcframework in Frameworks */ = {isa = PBXBuildFile; fileRef = 9477EDA556D704A21C63D103 /* RxRelay.xcframework */; };
		FA0FD5D4069CEA51E3EB7CEB /* RxRealm.swift in Sources */ = {isa = PBXBuildFile; fileRef = 4B6FDEA93324313D0EDEDA52 /* RxRealm.swift */; };
		FC792BD08CFA070A20BF26D0 /* RealmSwift.xcframework in Embed Frameworks */ = {isa = PBXBuildFile; fileRef = 7B5183B5E529CA777C1FF46F /* RealmSwift.xcframework */; settings = {ATTRIBUTES = (CodeSignOnCopy, RemoveHeadersOnCopy, ); }; };
/* End PBXBuildFile section */

/* Begin PBXContainerItemProxy section */
		7F76D015DFA569BB62D03FAA /* PBXContainerItemProxy */ = {
			isa = PBXContainerItemProxy;
			containerPortal = 73585C14E524A66593F7C72A /* Project object */;
			proxyType = 1;
			remoteGlobalIDString = 26B52508DC9867614B34B3C5;
			remoteInfo = "RxRealm tvOS";
		};
		8AA28A605C5BEC675D5EB41D /* PBXContainerItemProxy */ = {
			isa = PBXContainerItemProxy;
			containerPortal = 73585C14E524A66593F7C72A /* Project object */;
			proxyType = 1;
			remoteGlobalIDString = 563C797F5D0B85053BEECA0C;
			remoteInfo = "RxRealm macOS";
		};
		E2A221EB180808313D5699F8 /* PBXContainerItemProxy */ = {
			isa = PBXContainerItemProxy;
			containerPortal = 73585C14E524A66593F7C72A /* Project object */;
			proxyType = 1;
			remoteGlobalIDString = EEE27013D976367AF376A874;
			remoteInfo = "RxRealm iOS";
		};
/* End PBXContainerItemProxy section */

/* Begin PBXCopyFilesBuildPhase section */
		3194428998E59C52DDAAD586 /* Embed Frameworks */ = {
			isa = PBXCopyFilesBuildPhase;
			buildActionMask = 2147483647;
			dstPath = "";
			dstSubfolderSpec = 10;
			files = (
				D23F8E303A1F2F43B133BBB6 /* RxRealm iOS.framework in Embed Frameworks */,
				4876DF0452E3ECEFE7A8FC5E /* Realm.xcframework in Embed Frameworks */,
				FC792BD08CFA070A20BF26D0 /* RealmSwift.xcframework in Embed Frameworks */,
				3AD2E65FBDB236DB3274D5B2 /* RxCocoa.xcframework in Embed Frameworks */,
				26E9C5051CA8653F81D367FA /* RxSwift.xcframework in Embed Frameworks */,
				5F4918C797C33DB7AA3BF8CB /* RxRelay.xcframework in Embed Frameworks */,
				73798DDBB043BC0CC76E84E4 /* RxBlocking.xcframework in Embed Frameworks */,
				C69CABD837E81160FC58C030 /* RxTest.xcframework in Embed Frameworks */,
			);
			name = "Embed Frameworks";
			runOnlyForDeploymentPostprocessing = 0;
		};
		363D4EDDC50871FB7B074F93 /* Embed Frameworks */ = {
			isa = PBXCopyFilesBuildPhase;
			buildActionMask = 2147483647;
			dstPath = "";
			dstSubfolderSpec = 10;
			files = (
				8B8CD52976FB6D52F7495C09 /* RxRealm macOS.framework in Embed Frameworks */,
				E31BD30B46851DD2B3CFA46D /* Realm.xcframework in Embed Frameworks */,
				10E91EE9542F9D7FA6D1362B /* RealmSwift.xcframework in Embed Frameworks */,
				86C1B2D61C9AD95BAB9ED32C /* RxCocoa.xcframework in Embed Frameworks */,
				81556B95465F54DCA43897C4 /* RxSwift.xcframework in Embed Frameworks */,
				50DC5CCD235DDFA13896D885 /* RxRelay.xcframework in Embed Frameworks */,
				0BAC0D49D71C406620E1658E /* RxBlocking.xcframework in Embed Frameworks */,
				CC7D6094DDF76A5CD8E74E39 /* RxTest.xcframework in Embed Frameworks */,
			);
			name = "Embed Frameworks";
			runOnlyForDeploymentPostprocessing = 0;
		};
		4C81A043D9662DF1BB097A23 /* Embed Frameworks */ = {
			isa = PBXCopyFilesBuildPhase;
			buildActionMask = 2147483647;
			dstPath = "";
			dstSubfolderSpec = 10;
			files = (
				ED28A009CAB879323CF42B51 /* RxRealm tvOS.framework in Embed Frameworks */,
				B6FAE948CDCACFAFBC12DCDC /* Realm.xcframework in Embed Frameworks */,
				F8178B91A7053925FBEB6076 /* RealmSwift.xcframework in Embed Frameworks */,
				9CDECA4CC5735046801A10E8 /* RxCocoa.xcframework in Embed Frameworks */,
				3588D49A7115E902FC82A26F /* RxSwift.xcframework in Embed Frameworks */,
				8CB53DF785BF857028FC5309 /* RxRelay.xcframework in Embed Frameworks */,
				E9C01BB1287BA1A3C1D265D3 /* RxBlocking.xcframework in Embed Frameworks */,
				A36C7B7C2B571103C611F39A /* RxTest.xcframework in Embed Frameworks */,
			);
			name = "Embed Frameworks";
			runOnlyForDeploymentPostprocessing = 0;
		};
/* End PBXCopyFilesBuildPhase section */

/* Begin PBXFileReference section */
		074CDA1C713713A27B9CE010 /* RxRealmResultsTests.swift */ = {isa = PBXFileReference; lastKnownFileType = sourcecode.swift; path = RxRealmResultsTests.swift; sourceTree = "<group>"; };
		0CC8C1C0480514FD36CB4857 /* RxTest.xcframework */ = {isa = PBXFileReference; lastKnownFileType = wrapper.xcframework; name = RxTest.xcframework; path = "$(PROJECT_DIR)/Carthage/Build/RxTest.xcframework"; sourceTree = "<group>"; };
		105F0474E240FC18ED7BFA43 /* RxRealmObjectTests.swift */ = {isa = PBXFileReference; lastKnownFileType = sourcecode.swift; path = RxRealmObjectTests.swift; sourceTree = "<group>"; };
		1E9D31CAD96293BBD551853D /* RxRealmTests macOS.xctest */ = {isa = PBXFileReference; explicitFileType = wrapper.cfbundle; includeInIndex = 0; path = "RxRealmTests macOS.xctest"; sourceTree = BUILT_PRODUCTS_DIR; };
		3469BA8F081888D6C6C8A7A4 /* RxRealmWriteSinks.swift */ = {isa = PBXFileReference; lastKnownFileType = sourcecode.swift; path = RxRealmWriteSinks.swift; sourceTree = "<group>"; };
		3B08061180FE997CC1AE59A2 /* RxRealmLinkingObjectsTests.swift */ = {isa = PBXFileReference; lastKnownFileType = sourcecode.swift; path = RxRealmLinkingObjectsTests.swift; sourceTree = "<group>"; };
		3D05CDFF17D29BF51D2EAE1F /* RxRealmTests.swift */ = {isa = PBXFileReference; lastKnownFileType = sourcecode.swift; path = RxRealmTests.swift; sourceTree = "<group>"; };
		48CAC0A41A45D2027D2A7298 /* RealmObserver.swift */ = {isa = PBXFileReference; lastKnownFileType = sourcecode.swift; path = RealmObserver.swift; sourceTree = "<group>"; };
		4B6FDEA93324313D0EDEDA52 /* RxRealm.swift */ = {isa = PBXFileReference; lastKnownFileType = sourcecode.swift; path = RxRealm.swift; sourceTree = "<group>"; };
		5352F3EA9B5B1B2F2AB2CD16 /* RxRealmRealmTests.swift */ = {isa = PBXFileReference; lastKnownFileType = sourcecode.swift; path = RxRealmRealmTests.swift; sourceTree = "<group>"; };
		59F1E84CC1311FAB693691CC /* RxRealm tvOS.framework */ = {isa = PBXFileReference; explicitFileType = wrapper.framework; includeInIndex = 0; name = "RxRealm tvOS.framework"; path = RxRealm.framework; sourceTree = BUILT_PRODUCTS_DIR; };
		6C4369E78C4C2B69CE690530 /* Info.plist */ = {isa = PBXFileReference; lastKnownFileType = text.plist; path = Info.plist; sourceTree = "<group>"; };
		7B5183B5E529CA777C1FF46F /* RealmSwift.xcframework */ = {isa = PBXFileReference; lastKnownFileType = wrapper.xcframework; name = RealmSwift.xcframework; path = "$(PROJECT_DIR)/Carthage/Build/RealmSwift.xcframework"; sourceTree = "<group>"; };
		7EBBA13B05B9699529F5A20D /* RxCocoa.xcframework */ = {isa = PBXFileReference; lastKnownFileType = wrapper.xcframework; name = RxCocoa.xcframework; path = "$(PROJECT_DIR)/Carthage/Build/RxCocoa.xcframework"; sourceTree = "<group>"; };
		8E5AA0049437EF4DF74DC9D7 /* RxBlocking.xcframework */ = {isa = PBXFileReference; lastKnownFileType = wrapper.xcframework; name = RxBlocking.xcframework; path = "$(PROJECT_DIR)/Carthage/Build/RxBlocking.xcframework"; sourceTree = "<group>"; };
		91CF303357AEEDF796561E80 /* RxRealmListTests.swift */ = {isa = PBXFileReference; lastKnownFileType = sourcecode.swift; path = RxRealmListTests.swift; sourceTree = "<group>"; };
		9477EDA556D704A21C63D103 /* RxRelay.xcframework */ = {isa = PBXFileReference; lastKnownFileType = wrapper.xcframework; name = RxRelay.xcframework; path = "$(PROJECT_DIR)/Carthage/Build/RxRelay.xcframework"; sourceTree = "<group>"; };
		979D95CF33890213FF881AF6 /* RxRealm watchOS.framework */ = {isa = PBXFileReference; explicitFileType = wrapper.framework; includeInIndex = 0; name = "RxRealm watchOS.framework"; path = RxRealm.framework; sourceTree = BUILT_PRODUCTS_DIR; };
		9ED1C8A1F1D1791A314475DB /* RxRealm iOS.framework */ = {isa = PBXFileReference; explicitFileType = wrapper.framework; includeInIndex = 0; name = "RxRealm iOS.framework"; path = RxRealm.framework; sourceTree = BUILT_PRODUCTS_DIR; };
		A5F4C305A026E0F81C30B7CA /* RxSwift.xcframework */ = {isa = PBXFileReference; lastKnownFileType = wrapper.xcframework; name = RxSwift.xcframework; path = "$(PROJECT_DIR)/Carthage/Build/RxSwift.xcframework"; sourceTree = "<group>"; };
		A8C40BC367CFEDAE224E5BDB /* XCTestManifests.swift */ = {isa = PBXFileReference; lastKnownFileType = sourcecode.swift; path = XCTestManifests.swift; sourceTree = "<group>"; };
		AADDB130812A09365006A56D /* RxRealmTests tvOS.xctest */ = {isa = PBXFileReference; includeInIndex = 0; lastKnownFileType = wrapper.cfbundle; path = "RxRealmTests tvOS.xctest"; sourceTree = BUILT_PRODUCTS_DIR; };
		B8CAD73B2AC3082042C5893C /* TestModels.swift */ = {isa = PBXFileReference; lastKnownFileType = sourcecode.swift; path = TestModels.swift; sourceTree = "<group>"; };
		BA9AA258335B7EBC842E5168 /* RxRealm macOS.framework */ = {isa = PBXFileReference; explicitFileType = wrapper.framework; includeInIndex = 0; name = "RxRealm macOS.framework"; path = RxRealm.framework; sourceTree = BUILT_PRODUCTS_DIR; };
		BE241848EE8EBF4155EB0B7A /* Realm.xcframework */ = {isa = PBXFileReference; lastKnownFileType = wrapper.xcframework; name = Realm.xcframework; path = "$(PROJECT_DIR)/Carthage/Build/Realm.xcframework"; sourceTree = "<group>"; };
		C8C6D39A28B108660E1C9E2E /* RxRealmOnQueueTests.swift */ = {isa = PBXFileReference; lastKnownFileType = sourcecode.swift; path = RxRealmOnQueueTests.swift; sourceTree = "<group>"; };
		F02C1232E98B56F6662D4553 /* RxRealmTests iOS.xctest */ = {isa = PBXFileReference; includeInIndex = 0; lastKnownFileType = wrapper.cfbundle; path = "RxRealmTests iOS.xctest"; sourceTree = BUILT_PRODUCTS_DIR; };
/* End PBXFileReference section */

/* Begin PBXFrameworksBuildPhase section */
		2869BC6DDF49AC6C5ED96815 /* Frameworks */ = {
			isa = PBXFrameworksBuildPhase;
			buildActionMask = 2147483647;
			files = (
				C03085A5F076531098B97D61 /* RxRealm iOS.framework in Frameworks */,
				21C45E0C3AFE324BC97D3694 /* Realm.xcframework in Frameworks */,
				F07B389CF8E0B46F4060EEBB /* RealmSwift.xcframework in Frameworks */,
				09ED2C59F2BCD0DDF81A602C /* RxCocoa.xcframework in Frameworks */,
				F80CBA7F55E64F8969506317 /* RxSwift.xcframework in Frameworks */,
				A247C5C127B4FA2D1BBED458 /* RxRelay.xcframework in Frameworks */,
				21BC2100497DC30C8B049E0D /* RxBlocking.xcframework in Frameworks */,
				2CB7185C55C3ABA00805E9D8 /* RxTest.xcframework in Frameworks */,
			);
			runOnlyForDeploymentPostprocessing = 0;
		};
		2DD9969FFBB331581BCC80BF /* Frameworks */ = {
			isa = PBXFrameworksBuildPhase;
			buildActionMask = 2147483647;
			files = (
				1091E669A8081D45B28BD8EA /* Realm.xcframework in Frameworks */,
				BE3DA5D365705270F9B82689 /* RealmSwift.xcframework in Frameworks */,
				4DF5EF43633EF3098C233998 /* RxCocoa.xcframework in Frameworks */,
				706A1AE69DD21ED67AEFA694 /* RxSwift.xcframework in Frameworks */,
				E61C44FCB309BDA102BEDA70 /* RxRelay.xcframework in Frameworks */,
			);
			runOnlyForDeploymentPostprocessing = 0;
		};
		52FDD8D2547AF17E1259BD3D /* Frameworks */ = {
			isa = PBXFrameworksBuildPhase;
			buildActionMask = 2147483647;
			files = (
				08D1827299DFA8D7B54CE9FB /* RxRealm tvOS.framework in Frameworks */,
				ABBA09320D4D306026B64936 /* Realm.xcframework in Frameworks */,
				29614AD124ECDDA92F0DC04D /* RealmSwift.xcframework in Frameworks */,
				628F256BEA60980F7F7196E5 /* RxCocoa.xcframework in Frameworks */,
				2236607B4F50037BF6A20082 /* RxSwift.xcframework in Frameworks */,
				F9AD79D486684DDF497734AA /* RxRelay.xcframework in Frameworks */,
				A2617260E43E1F17EC94C421 /* RxBlocking.xcframework in Frameworks */,
				4480C7A68FFAA78DBAD2FA66 /* RxTest.xcframework in Frameworks */,
			);
			runOnlyForDeploymentPostprocessing = 0;
		};
		65963236A11C29A85A7C0633 /* Frameworks */ = {
			isa = PBXFrameworksBuildPhase;
			buildActionMask = 2147483647;
			files = (
				2353BB4BA7048426D8AE8EAD /* Realm.xcframework in Frameworks */,
				D94C656AFCA0863816323863 /* RealmSwift.xcframework in Frameworks */,
				0112A29BCE22F8B4B4815752 /* RxCocoa.xcframework in Frameworks */,
				349EB1ACEF21C169ADE8565B /* RxSwift.xcframework in Frameworks */,
				3551712440607235A2EAE40C /* RxRelay.xcframework in Frameworks */,
			);
			runOnlyForDeploymentPostprocessing = 0;
		};
		B76A18E417898D91F0B6748D /* Frameworks */ = {
			isa = PBXFrameworksBuildPhase;
			buildActionMask = 2147483647;
			files = (
				A0B7EF84274BE25F4E1A9E8E /* Realm.xcframework in Frameworks */,
				97E1C13EAAECA439164C15E8 /* RealmSwift.xcframework in Frameworks */,
				6E8FE88210CCDB32D3370BDF /* RxCocoa.xcframework in Frameworks */,
				A0DD684D7358E00DC3529BFE /* RxSwift.xcframework in Frameworks */,
				2D3EC3B1D03F0F7BD1F47A9C /* RxRelay.xcframework in Frameworks */,
			);
			runOnlyForDeploymentPostprocessing = 0;
		};
		EEE9E1C21E2D75446B43940D /* Frameworks */ = {
			isa = PBXFrameworksBuildPhase;
			buildActionMask = 2147483647;
			files = (
				1DA55B18E6F910673794F085 /* Realm.xcframework in Frameworks */,
				9C25F1BE623E0B29111E5205 /* RealmSwift.xcframework in Frameworks */,
				99A2463E72EBB9C772AC8A17 /* RxCocoa.xcframework in Frameworks */,
				CDC933536DB923DD0EE46F5D /* RxSwift.xcframework in Frameworks */,
				673ED56654529EE66E1FB277 /* RxRelay.xcframework in Frameworks */,
			);
			runOnlyForDeploymentPostprocessing = 0;
		};
		EF169406B837747E89D203AA /* Frameworks */ = {
			isa = PBXFrameworksBuildPhase;
			buildActionMask = 2147483647;
			files = (
				EB9828FC882EF78C3D74FAED /* RxRealm macOS.framework in Frameworks */,
				E1F95FB4707F3A58BC6CF16D /* Realm.xcframework in Frameworks */,
				2B72682F48447CEEC34D2BB6 /* RealmSwift.xcframework in Frameworks */,
				260BD30139F7DCDC54C86749 /* RxCocoa.xcframework in Frameworks */,
				3615D3D12786B84CA69FBA5F /* RxSwift.xcframework in Frameworks */,
				7CA5C19AA9B07E1109EE987E /* RxRelay.xcframework in Frameworks */,
				949FBB6752F1578597D03D04 /* RxBlocking.xcframework in Frameworks */,
				E3AA8ECA4EEA0B21CB8E990B /* RxTest.xcframework in Frameworks */,
			);
			runOnlyForDeploymentPostprocessing = 0;
		};
/* End PBXFrameworksBuildPhase section */

/* Begin PBXGroup section */
		3DF6BE24375FADC2AB4F4719 /* Products */ = {
			isa = PBXGroup;
			children = (
				9ED1C8A1F1D1791A314475DB /* RxRealm iOS.framework */,
				BA9AA258335B7EBC842E5168 /* RxRealm macOS.framework */,
				59F1E84CC1311FAB693691CC /* RxRealm tvOS.framework */,
				979D95CF33890213FF881AF6 /* RxRealm watchOS.framework */,
				F02C1232E98B56F6662D4553 /* RxRealmTests iOS.xctest */,
				1E9D31CAD96293BBD551853D /* RxRealmTests macOS.xctest */,
				AADDB130812A09365006A56D /* RxRealmTests tvOS.xctest */,
			);
			name = Products;
			sourceTree = "<group>";
		};
		4AD26EE17E7059DE21D271BA /* Frameworks */ = {
			isa = PBXGroup;
			children = (
				BE241848EE8EBF4155EB0B7A /* Realm.xcframework */,
				7B5183B5E529CA777C1FF46F /* RealmSwift.xcframework */,
				8E5AA0049437EF4DF74DC9D7 /* RxBlocking.xcframework */,
				7EBBA13B05B9699529F5A20D /* RxCocoa.xcframework */,
				9477EDA556D704A21C63D103 /* RxRelay.xcframework */,
				A5F4C305A026E0F81C30B7CA /* RxSwift.xcframework */,
				0CC8C1C0480514FD36CB4857 /* RxTest.xcframework */,
			);
			name = Frameworks;
			sourceTree = "<group>";
		};
		566E44919755CE1F7A0FC929 = {
			isa = PBXGroup;
			children = (
				DD22563990B3E7136E49BDD0 /* RxRealm */,
				BABA7B685D2AD81FA38E570D /* RxRealmTests */,
				4AD26EE17E7059DE21D271BA /* Frameworks */,
				3DF6BE24375FADC2AB4F4719 /* Products */,
			);
			indentWidth = 2;
			sourceTree = "<group>";
			tabWidth = 2;
			usesTabs = 0;
		};
		BABA7B685D2AD81FA38E570D /* RxRealmTests */ = {
			isa = PBXGroup;
			children = (
				3B08061180FE997CC1AE59A2 /* RxRealmLinkingObjectsTests.swift */,
				91CF303357AEEDF796561E80 /* RxRealmListTests.swift */,
				105F0474E240FC18ED7BFA43 /* RxRealmObjectTests.swift */,
				C8C6D39A28B108660E1C9E2E /* RxRealmOnQueueTests.swift */,
				5352F3EA9B5B1B2F2AB2CD16 /* RxRealmRealmTests.swift */,
				074CDA1C713713A27B9CE010 /* RxRealmResultsTests.swift */,
				3D05CDFF17D29BF51D2EAE1F /* RxRealmTests.swift */,
				3469BA8F081888D6C6C8A7A4 /* RxRealmWriteSinks.swift */,
				B8CAD73B2AC3082042C5893C /* TestModels.swift */,
				A8C40BC367CFEDAE224E5BDB /* XCTestManifests.swift */,
			);
			name = RxRealmTests;
			path = Tests/RxRealmTests;
			sourceTree = "<group>";
		};
		DD22563990B3E7136E49BDD0 /* RxRealm */ = {
			isa = PBXGroup;
			children = (
				6C4369E78C4C2B69CE690530 /* Info.plist */,
				48CAC0A41A45D2027D2A7298 /* RealmObserver.swift */,
				4B6FDEA93324313D0EDEDA52 /* RxRealm.swift */,
			);
			name = RxRealm;
			path = Sources/RxRealm;
			sourceTree = "<group>";
		};
/* End PBXGroup section */

/* Begin PBXNativeTarget section */
		26B52508DC9867614B34B3C5 /* RxRealm tvOS */ = {
			isa = PBXNativeTarget;
			buildConfigurationList = 99AA4E73016AD44EE438F411 /* Build configuration list for PBXNativeTarget "RxRealm tvOS" */;
			buildPhases = (
				39E15550759D14BA79A8C82A /* Sources */,
				65963236A11C29A85A7C0633 /* Frameworks */,
			);
			buildRules = (
			);
			dependencies = (
			);
			name = "RxRealm tvOS";
			productName = "RxRealm tvOS";
			productReference = 59F1E84CC1311FAB693691CC /* RxRealm tvOS.framework */;
			productType = "com.apple.product-type.framework";
		};
		3AF40D387041A283029259B6 /* RxRealmTests tvOS */ = {
			isa = PBXNativeTarget;
			buildConfigurationList = 044095D5E9DFBC8E1E6960EF /* Build configuration list for PBXNativeTarget "RxRealmTests tvOS" */;
			buildPhases = (
				09A37068DE6A139F05E39526 /* Sources */,
				52FDD8D2547AF17E1259BD3D /* Frameworks */,
				4C81A043D9662DF1BB097A23 /* Embed Frameworks */,
			);
			buildRules = (
			);
			dependencies = (
				7B475E91770AA016D2788646 /* PBXTargetDependency */,
			);
			name = "RxRealmTests tvOS";
			productName = "RxRealmTests tvOS";
			productReference = AADDB130812A09365006A56D /* RxRealmTests tvOS.xctest */;
			productType = "com.apple.product-type.bundle.unit-test";
		};
		47981E0A77657A79F8B78C04 /* RxRealmTests iOS */ = {
			isa = PBXNativeTarget;
			buildConfigurationList = B18513366D9D9317D92E9347 /* Build configuration list for PBXNativeTarget "RxRealmTests iOS" */;
			buildPhases = (
				E62BDF18ECF3DF7BB6064F98 /* Sources */,
				2869BC6DDF49AC6C5ED96815 /* Frameworks */,
				3194428998E59C52DDAAD586 /* Embed Frameworks */,
			);
			buildRules = (
			);
			dependencies = (
				0F8427D3B677E7BD03DD350E /* PBXTargetDependency */,
			);
			name = "RxRealmTests iOS";
			productName = "RxRealmTests iOS";
			productReference = F02C1232E98B56F6662D4553 /* RxRealmTests iOS.xctest */;
			productType = "com.apple.product-type.bundle.unit-test";
		};
		563C797F5D0B85053BEECA0C /* RxRealm macOS */ = {
			isa = PBXNativeTarget;
			buildConfigurationList = E905619A82D01CA03B61F80A /* Build configuration list for PBXNativeTarget "RxRealm macOS" */;
			buildPhases = (
				129B48A07FFCFCBD6318E392 /* Sources */,
				EEE9E1C21E2D75446B43940D /* Frameworks */,
			);
			buildRules = (
			);
			dependencies = (
			);
			name = "RxRealm macOS";
			productName = "RxRealm macOS";
			productReference = BA9AA258335B7EBC842E5168 /* RxRealm macOS.framework */;
			productType = "com.apple.product-type.framework";
		};
		785C3C36BCD9ECD3D04C4BB6 /* RxRealmTests macOS */ = {
			isa = PBXNativeTarget;
			buildConfigurationList = 44ED36C99FB83F250475763A /* Build configuration list for PBXNativeTarget "RxRealmTests macOS" */;
			buildPhases = (
				5A337BEFC257E09445C1E16E /* Sources */,
				EF169406B837747E89D203AA /* Frameworks */,
				363D4EDDC50871FB7B074F93 /* Embed Frameworks */,
			);
			buildRules = (
			);
			dependencies = (
				984E2189A4E8FCC81B56EE71 /* PBXTargetDependency */,
			);
			name = "RxRealmTests macOS";
			productName = "RxRealmTests macOS";
			productReference = 1E9D31CAD96293BBD551853D /* RxRealmTests macOS.xctest */;
			productType = "com.apple.product-type.bundle.unit-test";
		};
		E4ACD8160538E2144FA53C11 /* RxRealm watchOS */ = {
			isa = PBXNativeTarget;
			buildConfigurationList = 0F64E62EBF160B6732277316 /* Build configuration list for PBXNativeTarget "RxRealm watchOS" */;
			buildPhases = (
				5C5A14021E1F941DF7D7DE7A /* Sources */,
				B76A18E417898D91F0B6748D /* Frameworks */,
			);
			buildRules = (
			);
			dependencies = (
			);
			name = "RxRealm watchOS";
			productName = "RxRealm watchOS";
			productReference = 979D95CF33890213FF881AF6 /* RxRealm watchOS.framework */;
			productType = "com.apple.product-type.framework";
		};
		EEE27013D976367AF376A874 /* RxRealm iOS */ = {
			isa = PBXNativeTarget;
			buildConfigurationList = 4A0655EA8A1033AC9A4AC3DF /* Build configuration list for PBXNativeTarget "RxRealm iOS" */;
			buildPhases = (
				E2529C4CEB959CBC1BB8174E /* Sources */,
				2DD9969FFBB331581BCC80BF /* Frameworks */,
			);
			buildRules = (
			);
			dependencies = (
			);
			name = "RxRealm iOS";
			productName = "RxRealm iOS";
			productReference = 9ED1C8A1F1D1791A314475DB /* RxRealm iOS.framework */;
			productType = "com.apple.product-type.framework";
		};
/* End PBXNativeTarget section */

/* Begin PBXProject section */
		73585C14E524A66593F7C72A /* Project object */ = {
			isa = PBXProject;
			attributes = {
				LastUpgradeCheck = 1220;
				ORGANIZATIONNAME = RxSwiftCommunity;
			};
			buildConfigurationList = 9C3F4D1945D671A61C813C5A /* Build configuration list for PBXProject "RxRealm" */;
			compatibilityVersion = "Xcode 10.0";
			developmentRegion = en;
			hasScannedForEncodings = 0;
			knownRegions = (
				Base,
				en,
			);
			mainGroup = 566E44919755CE1F7A0FC929;
			projectDirPath = "";
			projectRoot = "";
			targets = (
				EEE27013D976367AF376A874 /* RxRealm iOS */,
				563C797F5D0B85053BEECA0C /* RxRealm macOS */,
				26B52508DC9867614B34B3C5 /* RxRealm tvOS */,
				E4ACD8160538E2144FA53C11 /* RxRealm watchOS */,
				47981E0A77657A79F8B78C04 /* RxRealmTests iOS */,
				785C3C36BCD9ECD3D04C4BB6 /* RxRealmTests macOS */,
				3AF40D387041A283029259B6 /* RxRealmTests tvOS */,
			);
		};
/* End PBXProject section */

/* Begin PBXSourcesBuildPhase section */
		09A37068DE6A139F05E39526 /* Sources */ = {
			isa = PBXSourcesBuildPhase;
			buildActionMask = 2147483647;
			files = (
				9CD05097BD5587EFA3FB51D6 /* RxRealmLinkingObjectsTests.swift in Sources */,
				93DB61481A844D6BFF6F88E7 /* RxRealmListTests.swift in Sources */,
				55C641B5EBC554875D4BE637 /* RxRealmObjectTests.swift in Sources */,
				81CC1BD84A6581687F2C5346 /* RxRealmOnQueueTests.swift in Sources */,
				A4FE2D3191011CC650EA0046 /* RxRealmRealmTests.swift in Sources */,
				CA4CC838B012C97F31A63466 /* RxRealmResultsTests.swift in Sources */,
				CDAA61579E7164E0456F3367 /* RxRealmTests.swift in Sources */,
				198A016A38AEFDB547BB1CA1 /* RxRealmWriteSinks.swift in Sources */,
				4E0C2F9577B548F45CB5AE09 /* TestModels.swift in Sources */,
				22C55272B7F6AC7745F6775B /* XCTestManifests.swift in Sources */,
			);
			runOnlyForDeploymentPostprocessing = 0;
		};
		129B48A07FFCFCBD6318E392 /* Sources */ = {
			isa = PBXSourcesBuildPhase;
			buildActionMask = 2147483647;
			files = (
				5B1718CBBC48B48E8B44914A /* RealmObserver.swift in Sources */,
				08D727FD7720CDE69CC3912F /* RxRealm.swift in Sources */,
			);
			runOnlyForDeploymentPostprocessing = 0;
		};
		39E15550759D14BA79A8C82A /* Sources */ = {
			isa = PBXSourcesBuildPhase;
			buildActionMask = 2147483647;
			files = (
				A78AB60ED6B843BA61A709C6 /* RealmObserver.swift in Sources */,
				9609078C1AAE88AB13A7708F /* RxRealm.swift in Sources */,
			);
			runOnlyForDeploymentPostprocessing = 0;
		};
		5A337BEFC257E09445C1E16E /* Sources */ = {
			isa = PBXSourcesBuildPhase;
			buildActionMask = 2147483647;
			files = (
				0842C5C1F59976F3AB1B2F92 /* RxRealmLinkingObjectsTests.swift in Sources */,
				0325F235B386CE8551D6D6A3 /* RxRealmListTests.swift in Sources */,
				20ED72028C307A1B08C894B0 /* RxRealmObjectTests.swift in Sources */,
				9F04A0E3C807C8AAED159ABA /* RxRealmOnQueueTests.swift in Sources */,
				89274C13AD0DD9161F289BE6 /* RxRealmRealmTests.swift in Sources */,
				30F99B7AB1CD5FFF6ADF3210 /* RxRealmResultsTests.swift in Sources */,
				5E298B3582EC51A512F5BFEA /* RxRealmTests.swift in Sources */,
				EAC3CD3A0B82C4231DA54F85 /* RxRealmWriteSinks.swift in Sources */,
				3E86B41E584634D2218B3809 /* TestModels.swift in Sources */,
				CE00E169B26754822BFF4274 /* XCTestManifests.swift in Sources */,
			);
			runOnlyForDeploymentPostprocessing = 0;
		};
		5C5A14021E1F941DF7D7DE7A /* Sources */ = {
			isa = PBXSourcesBuildPhase;
			buildActionMask = 2147483647;
			files = (
				065ACDE8D3926A85C32D1F90 /* RealmObserver.swift in Sources */,
				393F1D5E93232779D3C696B6 /* RxRealm.swift in Sources */,
			);
			runOnlyForDeploymentPostprocessing = 0;
		};
		E2529C4CEB959CBC1BB8174E /* Sources */ = {
			isa = PBXSourcesBuildPhase;
			buildActionMask = 2147483647;
			files = (
				ADACE27D199538B61119F410 /* RealmObserver.swift in Sources */,
				FA0FD5D4069CEA51E3EB7CEB /* RxRealm.swift in Sources */,
			);
			runOnlyForDeploymentPostprocessing = 0;
		};
		E62BDF18ECF3DF7BB6064F98 /* Sources */ = {
			isa = PBXSourcesBuildPhase;
			buildActionMask = 2147483647;
			files = (
				9D7395E2E508BB1F4D852F7E /* RxRealmLinkingObjectsTests.swift in Sources */,
				A8D4D28DAA8DEFBA1557186B /* RxRealmListTests.swift in Sources */,
				81270FC8FCE1E10BED0179B9 /* RxRealmObjectTests.swift in Sources */,
				DAD2C9BEFADF32B0BE828471 /* RxRealmOnQueueTests.swift in Sources */,
				420403DAC565014D9575C6CE /* RxRealmRealmTests.swift in Sources */,
				A9D9AE355916DD319110638A /* RxRealmResultsTests.swift in Sources */,
				95CB4854020C32D5262C58B1 /* RxRealmTests.swift in Sources */,
				A0696565B27AE9688C41308C /* RxRealmWriteSinks.swift in Sources */,
				112576F55EC44E62DF4418E5 /* TestModels.swift in Sources */,
				E2869E11BBF880A090012F09 /* XCTestManifests.swift in Sources */,
			);
			runOnlyForDeploymentPostprocessing = 0;
		};
/* End PBXSourcesBuildPhase section */

/* Begin PBXTargetDependency section */
		0F8427D3B677E7BD03DD350E /* PBXTargetDependency */ = {
			isa = PBXTargetDependency;
			target = EEE27013D976367AF376A874 /* RxRealm iOS */;
			targetProxy = E2A221EB180808313D5699F8 /* PBXContainerItemProxy */;
		};
		7B475E91770AA016D2788646 /* PBXTargetDependency */ = {
			isa = PBXTargetDependency;
			target = 26B52508DC9867614B34B3C5 /* RxRealm tvOS */;
			targetProxy = 7F76D015DFA569BB62D03FAA /* PBXContainerItemProxy */;
		};
		984E2189A4E8FCC81B56EE71 /* PBXTargetDependency */ = {
			isa = PBXTargetDependency;
			target = 563C797F5D0B85053BEECA0C /* RxRealm macOS */;
			targetProxy = 8AA28A605C5BEC675D5EB41D /* PBXContainerItemProxy */;
		};
/* End PBXTargetDependency section */

/* Begin XCBuildConfiguration section */
		02F6780A77CB97DF1F08231E /* Debug */ = {
			isa = XCBuildConfiguration;
			buildSettings = {
				ALWAYS_SEARCH_USER_PATHS = NO;
				CLANG_ANALYZER_NONNULL = YES;
				CLANG_ANALYZER_NUMBER_OBJECT_CONVERSION = YES_AGGRESSIVE;
				CLANG_CXX_LANGUAGE_STANDARD = "gnu++14";
				CLANG_CXX_LIBRARY = "libc++";
				CLANG_ENABLE_MODULES = YES;
				CLANG_ENABLE_OBJC_ARC = YES;
				CLANG_ENABLE_OBJC_WEAK = YES;
				CLANG_WARN_BLOCK_CAPTURE_AUTORELEASING = YES;
				CLANG_WARN_BOOL_CONVERSION = YES;
				CLANG_WARN_COMMA = YES;
				CLANG_WARN_CONSTANT_CONVERSION = YES;
				CLANG_WARN_DEPRECATED_OBJC_IMPLEMENTATIONS = YES;
				CLANG_WARN_DIRECT_OBJC_ISA_USAGE = YES_ERROR;
				CLANG_WARN_DOCUMENTATION_COMMENTS = YES;
				CLANG_WARN_EMPTY_BODY = YES;
				CLANG_WARN_ENUM_CONVERSION = YES;
				CLANG_WARN_INFINITE_RECURSION = YES;
				CLANG_WARN_INT_CONVERSION = YES;
				CLANG_WARN_NON_LITERAL_NULL_CONVERSION = YES;
				CLANG_WARN_OBJC_IMPLICIT_RETAIN_SELF = YES;
				CLANG_WARN_OBJC_LITERAL_CONVERSION = YES;
				CLANG_WARN_OBJC_ROOT_CLASS = YES_ERROR;
				CLANG_WARN_QUOTED_INCLUDE_IN_FRAMEWORK_HEADER = YES;
				CLANG_WARN_RANGE_LOOP_ANALYSIS = YES;
				CLANG_WARN_STRICT_PROTOTYPES = YES;
				CLANG_WARN_SUSPICIOUS_MOVE = YES;
				CLANG_WARN_UNGUARDED_AVAILABILITY = YES_AGGRESSIVE;
				CLANG_WARN_UNREACHABLE_CODE = YES;
				CLANG_WARN__DUPLICATE_METHOD_MATCH = YES;
				COPY_PHASE_STRIP = NO;
				DEBUG_INFORMATION_FORMAT = dwarf;
				ENABLE_STRICT_OBJC_MSGSEND = YES;
				ENABLE_TESTABILITY = YES;
				"EXCLUDED_ARCHS[sdk=iphonesimulator*]" = arm64;
				GCC_C_LANGUAGE_STANDARD = gnu11;
				GCC_DYNAMIC_NO_PIC = NO;
				GCC_NO_COMMON_BLOCKS = YES;
				GCC_OPTIMIZATION_LEVEL = 0;
				GCC_PREPROCESSOR_DEFINITIONS = (
					"$(inherited)",
					"DEBUG=1",
				);
				GCC_WARN_64_TO_32_BIT_CONVERSION = YES;
				GCC_WARN_ABOUT_RETURN_TYPE = YES_ERROR;
				GCC_WARN_UNDECLARED_SELECTOR = YES;
				GCC_WARN_UNINITIALIZED_AUTOS = YES_AGGRESSIVE;
				GCC_WARN_UNUSED_FUNCTION = YES;
				GCC_WARN_UNUSED_VARIABLE = YES;
				IPHONEOS_DEPLOYMENT_TARGET = 11.0;
				MACOSX_DEPLOYMENT_TARGET = 10.10;
				MTL_ENABLE_DEBUG_INFO = INCLUDE_SOURCE;
				MTL_FAST_MATH = YES;
				ONLY_ACTIVE_ARCH = YES;
				PRODUCT_NAME = "$(TARGET_NAME)";
				SWIFT_ACTIVE_COMPILATION_CONDITIONS = DEBUG;
				SWIFT_OPTIMIZATION_LEVEL = "-Onone";
				SWIFT_VERSION = 5.0;
				TVOS_DEPLOYMENT_TARGET = 9.0;
				WATCHOS_DEPLOYMENT_TARGET = 3.0;
			};
			name = Debug;
		};
		086BC2E8BE9B42BD474CDA8D /* Debug */ = {
			isa = XCBuildConfiguration;
			buildSettings = {
				BUILD_LIBRARY_FOR_DISTRIBUTION = YES;
				CODE_SIGN_IDENTITY = "";
				CURRENT_PROJECT_VERSION = 1;
				DEFINES_MODULE = YES;
				DYLIB_COMPATIBILITY_VERSION = 1;
				DYLIB_CURRENT_VERSION = 1;
				DYLIB_INSTALL_NAME_BASE = "@rpath";
				FRAMEWORK_SEARCH_PATHS = (
					"$(inherited)",
					"\"$(PROJECT_DIR)/Carthage/Build\"",
				);
				INFOPLIST_FILE = Sources/RxRealm/Info.plist;
				INSTALL_PATH = "$(LOCAL_LIBRARY_DIR)/Frameworks";
				PRODUCT_BUNDLE_IDENTIFIER = "RxSwiftCommunity.RxRealm.RxRealm-watchOS";
				PRODUCT_NAME = RxRealm;
				SDKROOT = watchos;
				SKIP_INSTALL = NO;
				TARGETED_DEVICE_FAMILY = 4;
				VERSIONING_SYSTEM = "apple-generic";
			};
			name = Debug;
		};
		2ED144B7EA8ABCCF0267A226 /* Release */ = {
			isa = XCBuildConfiguration;
			buildSettings = {
				BUILD_LIBRARY_FOR_DISTRIBUTION = YES;
				CODE_SIGN_IDENTITY = "";
				COMBINE_HIDPI_IMAGES = YES;
				CURRENT_PROJECT_VERSION = 1;
				DEFINES_MODULE = YES;
				DYLIB_COMPATIBILITY_VERSION = 1;
				DYLIB_CURRENT_VERSION = 1;
				DYLIB_INSTALL_NAME_BASE = "@rpath";
				FRAMEWORK_SEARCH_PATHS = (
					"$(inherited)",
					"\"$(PROJECT_DIR)/Carthage/Build\"",
				);
				INFOPLIST_FILE = Sources/RxRealm/Info.plist;
				INSTALL_PATH = "$(LOCAL_LIBRARY_DIR)/Frameworks";
				LD_RUNPATH_SEARCH_PATHS = (
					"$(inherited)",
					"@executable_path/../Frameworks",
				);
				PRODUCT_BUNDLE_IDENTIFIER = "RxSwiftCommunity.RxRealm.RxRealm-macOS";
				PRODUCT_NAME = RxRealm;
				SDKROOT = macosx;
				SKIP_INSTALL = NO;
				VERSIONING_SYSTEM = "apple-generic";
			};
			name = Release;
		};
		451D6523B095F6BCAD200C4B /* Release */ = {
			isa = XCBuildConfiguration;
			buildSettings = {
				BUILD_LIBRARY_FOR_DISTRIBUTION = YES;
				CODE_SIGN_IDENTITY = "";
				CURRENT_PROJECT_VERSION = 1;
				DEFINES_MODULE = YES;
				DYLIB_COMPATIBILITY_VERSION = 1;
				DYLIB_CURRENT_VERSION = 1;
				DYLIB_INSTALL_NAME_BASE = "@rpath";
				FRAMEWORK_SEARCH_PATHS = (
					"$(inherited)",
					"\"$(PROJECT_DIR)/Carthage/Build\"",
				);
				INFOPLIST_FILE = Sources/RxRealm/Info.plist;
				INSTALL_PATH = "$(LOCAL_LIBRARY_DIR)/Frameworks";
				LD_RUNPATH_SEARCH_PATHS = (
					"$(inherited)",
					"@executable_path/Frameworks",
				);
				PRODUCT_BUNDLE_IDENTIFIER = "RxSwiftCommunity.RxRealm.RxRealm-iOS";
				PRODUCT_NAME = RxRealm;
				SDKROOT = iphoneos;
				SKIP_INSTALL = NO;
				SUPPORTS_MACCATALYST = NO;
				TARGETED_DEVICE_FAMILY = "1,2";
				VERSIONING_SYSTEM = "apple-generic";
			};
			name = Release;
		};
		4A15D6F2323C6F619A022575 /* Release */ = {
			isa = XCBuildConfiguration;
			buildSettings = {
				BUNDLE_LOADER = "$(TEST_HOST)";
				FRAMEWORK_SEARCH_PATHS = (
					"$(inherited)",
					"\"$(PROJECT_DIR)/Carthage/Build\"",
				);
				LD_RUNPATH_SEARCH_PATHS = (
					"$(inherited)",
					"@executable_path/Frameworks",
					"@loader_path/Frameworks",
				);
				SDKROOT = appletvos;
				TARGETED_DEVICE_FAMILY = 3;
			};
			name = Release;
		};
		5E7A7E05630AD03FC2B70320 /* Debug */ = {
			isa = XCBuildConfiguration;
			buildSettings = {
				BUILD_LIBRARY_FOR_DISTRIBUTION = YES;
				CODE_SIGN_IDENTITY = "";
				COMBINE_HIDPI_IMAGES = YES;
				CURRENT_PROJECT_VERSION = 1;
				DEFINES_MODULE = YES;
				DYLIB_COMPATIBILITY_VERSION = 1;
				DYLIB_CURRENT_VERSION = 1;
				DYLIB_INSTALL_NAME_BASE = "@rpath";
				FRAMEWORK_SEARCH_PATHS = (
					"$(inherited)",
					"\"$(PROJECT_DIR)/Carthage/Build\"",
				);
				INFOPLIST_FILE = Sources/RxRealm/Info.plist;
				INSTALL_PATH = "$(LOCAL_LIBRARY_DIR)/Frameworks";
				LD_RUNPATH_SEARCH_PATHS = (
					"$(inherited)",
					"@executable_path/../Frameworks",
				);
				PRODUCT_BUNDLE_IDENTIFIER = "RxSwiftCommunity.RxRealm.RxRealm-macOS";
				PRODUCT_NAME = RxRealm;
				SDKROOT = macosx;
				SKIP_INSTALL = NO;
				VERSIONING_SYSTEM = "apple-generic";
			};
			name = Debug;
		};
		69078AF48636C9A0E08463B1 /* Debug */ = {
			isa = XCBuildConfiguration;
			buildSettings = {
				BUNDLE_LOADER = "$(TEST_HOST)";
				CODE_SIGN_IDENTITY = "";
				COMBINE_HIDPI_IMAGES = YES;
				FRAMEWORK_SEARCH_PATHS = (
					"$(inherited)",
					"\"$(PROJECT_DIR)/Carthage/Build\"",
				);
				LD_RUNPATH_SEARCH_PATHS = (
					"$(inherited)",
					"@executable_path/../Frameworks",
					"@loader_path/../Frameworks",
				);
				SDKROOT = macosx;
			};
			name = Debug;
		};
		6CA30BFD74B05A3016C2ECE3 /* Debug */ = {
			isa = XCBuildConfiguration;
			buildSettings = {
				BUILD_LIBRARY_FOR_DISTRIBUTION = YES;
				CODE_SIGN_IDENTITY = "";
				CURRENT_PROJECT_VERSION = 1;
				DEFINES_MODULE = YES;
				DYLIB_COMPATIBILITY_VERSION = 1;
				DYLIB_CURRENT_VERSION = 1;
				DYLIB_INSTALL_NAME_BASE = "@rpath";
				FRAMEWORK_SEARCH_PATHS = (
					"$(inherited)",
					"\"$(PROJECT_DIR)/Carthage/Build\"",
				);
				INFOPLIST_FILE = Sources/RxRealm/Info.plist;
				INSTALL_PATH = "$(LOCAL_LIBRARY_DIR)/Frameworks";
				LD_RUNPATH_SEARCH_PATHS = (
					"$(inherited)",
					"@executable_path/Frameworks",
				);
				PRODUCT_BUNDLE_IDENTIFIER = "RxSwiftCommunity.RxRealm.RxRealm-tvOS";
				PRODUCT_NAME = RxRealm;
				SDKROOT = appletvos;
				SKIP_INSTALL = NO;
				TARGETED_DEVICE_FAMILY = 3;
				VERSIONING_SYSTEM = "apple-generic";
			};
			name = Debug;
		};
		89F5EBE79AF32B347C932A12 /* Release */ = {
			isa = XCBuildConfiguration;
			buildSettings = {
				ALWAYS_SEARCH_USER_PATHS = NO;
				CLANG_ANALYZER_NONNULL = YES;
				CLANG_ANALYZER_NUMBER_OBJECT_CONVERSION = YES_AGGRESSIVE;
				CLANG_CXX_LANGUAGE_STANDARD = "gnu++14";
				CLANG_CXX_LIBRARY = "libc++";
				CLANG_ENABLE_MODULES = YES;
				CLANG_ENABLE_OBJC_ARC = YES;
				CLANG_ENABLE_OBJC_WEAK = YES;
				CLANG_WARN_BLOCK_CAPTURE_AUTORELEASING = YES;
				CLANG_WARN_BOOL_CONVERSION = YES;
				CLANG_WARN_COMMA = YES;
				CLANG_WARN_CONSTANT_CONVERSION = YES;
				CLANG_WARN_DEPRECATED_OBJC_IMPLEMENTATIONS = YES;
				CLANG_WARN_DIRECT_OBJC_ISA_USAGE = YES_ERROR;
				CLANG_WARN_DOCUMENTATION_COMMENTS = YES;
				CLANG_WARN_EMPTY_BODY = YES;
				CLANG_WARN_ENUM_CONVERSION = YES;
				CLANG_WARN_INFINITE_RECURSION = YES;
				CLANG_WARN_INT_CONVERSION = YES;
				CLANG_WARN_NON_LITERAL_NULL_CONVERSION = YES;
				CLANG_WARN_OBJC_IMPLICIT_RETAIN_SELF = YES;
				CLANG_WARN_OBJC_LITERAL_CONVERSION = YES;
				CLANG_WARN_OBJC_ROOT_CLASS = YES_ERROR;
				CLANG_WARN_QUOTED_INCLUDE_IN_FRAMEWORK_HEADER = YES;
				CLANG_WARN_RANGE_LOOP_ANALYSIS = YES;
				CLANG_WARN_STRICT_PROTOTYPES = YES;
				CLANG_WARN_SUSPICIOUS_MOVE = YES;
				CLANG_WARN_UNGUARDED_AVAILABILITY = YES_AGGRESSIVE;
				CLANG_WARN_UNREACHABLE_CODE = YES;
				CLANG_WARN__DUPLICATE_METHOD_MATCH = YES;
				COPY_PHASE_STRIP = NO;
				DEBUG_INFORMATION_FORMAT = "dwarf-with-dsym";
				ENABLE_NS_ASSERTIONS = NO;
				ENABLE_STRICT_OBJC_MSGSEND = YES;
				"EXCLUDED_ARCHS[sdk=iphonesimulator*]" = arm64;
				GCC_C_LANGUAGE_STANDARD = gnu11;
				GCC_NO_COMMON_BLOCKS = YES;
				GCC_WARN_64_TO_32_BIT_CONVERSION = YES;
				GCC_WARN_ABOUT_RETURN_TYPE = YES_ERROR;
				GCC_WARN_UNDECLARED_SELECTOR = YES;
				GCC_WARN_UNINITIALIZED_AUTOS = YES_AGGRESSIVE;
				GCC_WARN_UNUSED_FUNCTION = YES;
				GCC_WARN_UNUSED_VARIABLE = YES;
				IPHONEOS_DEPLOYMENT_TARGET = 11.0;
				MACOSX_DEPLOYMENT_TARGET = 10.10;
				MTL_ENABLE_DEBUG_INFO = NO;
				MTL_FAST_MATH = YES;
				PRODUCT_NAME = "$(TARGET_NAME)";
				SWIFT_COMPILATION_MODE = wholemodule;
				SWIFT_OPTIMIZATION_LEVEL = "-O";
				SWIFT_VERSION = 5.0;
				TVOS_DEPLOYMENT_TARGET = 9.0;
				WATCHOS_DEPLOYMENT_TARGET = 3.0;
			};
			name = Release;
		};
		BBF0D7619782D8C488283F85 /* Release */ = {
			isa = XCBuildConfiguration;
			buildSettings = {
				BUILD_LIBRARY_FOR_DISTRIBUTION = YES;
				CODE_SIGN_IDENTITY = "";
				CURRENT_PROJECT_VERSION = 1;
				DEFINES_MODULE = YES;
				DYLIB_COMPATIBILITY_VERSION = 1;
				DYLIB_CURRENT_VERSION = 1;
				DYLIB_INSTALL_NAME_BASE = "@rpath";
				FRAMEWORK_SEARCH_PATHS = (
					"$(inherited)",
					"\"$(PROJECT_DIR)/Carthage/Build\"",
				);
				INFOPLIST_FILE = Sources/RxRealm/Info.plist;
				INSTALL_PATH = "$(LOCAL_LIBRARY_DIR)/Frameworks";
				PRODUCT_BUNDLE_IDENTIFIER = "RxSwiftCommunity.RxRealm.RxRealm-watchOS";
				PRODUCT_NAME = RxRealm;
				SDKROOT = watchos;
				SKIP_INSTALL = NO;
				TARGETED_DEVICE_FAMILY = 4;
				VERSIONING_SYSTEM = "apple-generic";
			};
			name = Release;
		};
		C3288F570076D08E9CF5C05C /* Debug */ = {
			isa = XCBuildConfiguration;
			buildSettings = {
				BUNDLE_LOADER = "$(TEST_HOST)";
				FRAMEWORK_SEARCH_PATHS = (
					"$(inherited)",
					"\"$(PROJECT_DIR)/Carthage/Build\"",
				);
				LD_RUNPATH_SEARCH_PATHS = (
					"$(inherited)",
					"@executable_path/Frameworks",
					"@loader_path/Frameworks",
				);
				SDKROOT = iphoneos;
				TARGETED_DEVICE_FAMILY = "1,2";
			};
			name = Debug;
		};
		C4CD5A59D97288D8732555AE /* Release */ = {
			isa = XCBuildConfiguration;
			buildSettings = {
				BUNDLE_LOADER = "$(TEST_HOST)";
				FRAMEWORK_SEARCH_PATHS = (
					"$(inherited)",
					"\"$(PROJECT_DIR)/Carthage/Build\"",
				);
				LD_RUNPATH_SEARCH_PATHS = (
					"$(inherited)",
					"@executable_path/Frameworks",
					"@loader_path/Frameworks",
				);
				SDKROOT = iphoneos;
				TARGETED_DEVICE_FAMILY = "1,2";
			};
			name = Release;
		};
		D908A6F3209B594CA43A9D34 /* Debug */ = {
			isa = XCBuildConfiguration;
			buildSettings = {
				BUNDLE_LOADER = "$(TEST_HOST)";
				FRAMEWORK_SEARCH_PATHS = (
					"$(inherited)",
					"\"$(PROJECT_DIR)/Carthage/Build\"",
				);
				LD_RUNPATH_SEARCH_PATHS = (
					"$(inherited)",
					"@executable_path/Frameworks",
					"@loader_path/Frameworks",
				);
				SDKROOT = appletvos;
				TARGETED_DEVICE_FAMILY = 3;
			};
			name = Debug;
		};
		DA73F76A41698CC119B022C0 /* Release */ = {
			isa = XCBuildConfiguration;
			buildSettings = {
				BUILD_LIBRARY_FOR_DISTRIBUTION = YES;
				CODE_SIGN_IDENTITY = "";
				CURRENT_PROJECT_VERSION = 1;
				DEFINES_MODULE = YES;
				DYLIB_COMPATIBILITY_VERSION = 1;
				DYLIB_CURRENT_VERSION = 1;
				DYLIB_INSTALL_NAME_BASE = "@rpath";
				FRAMEWORK_SEARCH_PATHS = (
					"$(inherited)",
					"\"$(PROJECT_DIR)/Carthage/Build\"",
				);
				INFOPLIST_FILE = Sources/RxRealm/Info.plist;
				INSTALL_PATH = "$(LOCAL_LIBRARY_DIR)/Frameworks";
				LD_RUNPATH_SEARCH_PATHS = (
					"$(inherited)",
					"@executable_path/Frameworks",
				);
				PRODUCT_BUNDLE_IDENTIFIER = "RxSwiftCommunity.RxRealm.RxRealm-tvOS";
				PRODUCT_NAME = RxRealm;
				SDKROOT = appletvos;
				SKIP_INSTALL = NO;
				TARGETED_DEVICE_FAMILY = 3;
				VERSIONING_SYSTEM = "apple-generic";
			};
			name = Release;
		};
		E38943010267491E3C59F55B /* Debug */ = {
			isa = XCBuildConfiguration;
			buildSettings = {
				BUILD_LIBRARY_FOR_DISTRIBUTION = YES;
				CODE_SIGN_IDENTITY = "";
				CURRENT_PROJECT_VERSION = 1;
				DEFINES_MODULE = YES;
				DYLIB_COMPATIBILITY_VERSION = 1;
				DYLIB_CURRENT_VERSION = 1;
				DYLIB_INSTALL_NAME_BASE = "@rpath";
				FRAMEWORK_SEARCH_PATHS = (
					"$(inherited)",
					"\"$(PROJECT_DIR)/Carthage/Build\"",
				);
				INFOPLIST_FILE = Sources/RxRealm/Info.plist;
				INSTALL_PATH = "$(LOCAL_LIBRARY_DIR)/Frameworks";
				LD_RUNPATH_SEARCH_PATHS = (
					"$(inherited)",
					"@executable_path/Frameworks",
				);
				PRODUCT_BUNDLE_IDENTIFIER = "RxSwiftCommunity.RxRealm.RxRealm-iOS";
				PRODUCT_NAME = RxRealm;
				SDKROOT = iphoneos;
				SKIP_INSTALL = NO;
				SUPPORTS_MACCATALYST = NO;
				TARGETED_DEVICE_FAMILY = "1,2";
				VERSIONING_SYSTEM = "apple-generic";
			};
			name = Debug;
		};
		EDE0043425BC44741704F1A2 /* Release */ = {
			isa = XCBuildConfiguration;
			buildSettings = {
				BUNDLE_LOADER = "$(TEST_HOST)";
				CODE_SIGN_IDENTITY = "";
				COMBINE_HIDPI_IMAGES = YES;
				FRAMEWORK_SEARCH_PATHS = (
					"$(inherited)",
					"\"$(PROJECT_DIR)/Carthage/Build\"",
				);
				LD_RUNPATH_SEARCH_PATHS = (
					"$(inherited)",
					"@executable_path/../Frameworks",
					"@loader_path/../Frameworks",
				);
				SDKROOT = macosx;
			};
			name = Release;
		};
/* End XCBuildConfiguration section */

/* Begin XCConfigurationList section */
		044095D5E9DFBC8E1E6960EF /* Build configuration list for PBXNativeTarget "RxRealmTests tvOS" */ = {
			isa = XCConfigurationList;
			buildConfigurations = (
				D908A6F3209B594CA43A9D34 /* Debug */,
				4A15D6F2323C6F619A022575 /* Release */,
			);
			defaultConfigurationIsVisible = 0;
			defaultConfigurationName = Release;
		};
		0F64E62EBF160B6732277316 /* Build configuration list for PBXNativeTarget "RxRealm watchOS" */ = {
			isa = XCConfigurationList;
			buildConfigurations = (
				086BC2E8BE9B42BD474CDA8D /* Debug */,
				BBF0D7619782D8C488283F85 /* Release */,
			);
			defaultConfigurationIsVisible = 0;
			defaultConfigurationName = Release;
		};
		44ED36C99FB83F250475763A /* Build configuration list for PBXNativeTarget "RxRealmTests macOS" */ = {
			isa = XCConfigurationList;
			buildConfigurations = (
				69078AF48636C9A0E08463B1 /* Debug */,
				EDE0043425BC44741704F1A2 /* Release */,
			);
			defaultConfigurationIsVisible = 0;
			defaultConfigurationName = Release;
		};
		4A0655EA8A1033AC9A4AC3DF /* Build configuration list for PBXNativeTarget "RxRealm iOS" */ = {
			isa = XCConfigurationList;
			buildConfigurations = (
				E38943010267491E3C59F55B /* Debug */,
				451D6523B095F6BCAD200C4B /* Release */,
			);
			defaultConfigurationIsVisible = 0;
			defaultConfigurationName = Release;
		};
		99AA4E73016AD44EE438F411 /* Build configuration list for PBXNativeTarget "RxRealm tvOS" */ = {
			isa = XCConfigurationList;
			buildConfigurations = (
				6CA30BFD74B05A3016C2ECE3 /* Debug */,
				DA73F76A41698CC119B022C0 /* Release */,
			);
			defaultConfigurationIsVisible = 0;
			defaultConfigurationName = Release;
		};
		9C3F4D1945D671A61C813C5A /* Build configuration list for PBXProject "RxRealm" */ = {
			isa = XCConfigurationList;
			buildConfigurations = (
				02F6780A77CB97DF1F08231E /* Debug */,
				89F5EBE79AF32B347C932A12 /* Release */,
			);
			defaultConfigurationIsVisible = 0;
			defaultConfigurationName = Release;
		};
		B18513366D9D9317D92E9347 /* Build configuration list for PBXNativeTarget "RxRealmTests iOS" */ = {
			isa = XCConfigurationList;
			buildConfigurations = (
				C3288F570076D08E9CF5C05C /* Debug */,
				C4CD5A59D97288D8732555AE /* Release */,
			);
			defaultConfigurationIsVisible = 0;
			defaultConfigurationName = Release;
		};
		E905619A82D01CA03B61F80A /* Build configuration list for PBXNativeTarget "RxRealm macOS" */ = {
			isa = XCConfigurationList;
			buildConfigurations = (
				5E7A7E05630AD03FC2B70320 /* Debug */,
				2ED144B7EA8ABCCF0267A226 /* Release */,
			);
			defaultConfigurationIsVisible = 0;
			defaultConfigurationName = Release;
		};
/* End XCConfigurationList section */
	};
	rootObject = 73585C14E524A66593F7C72A /* Project object */;
}
